
Microsoft Visual Studio Solution File, Format Version 12.00
# Visual Studio Version 17
VisualStudioVersion = 17.14.36414.22
MinimumVisualStudioVersion = 10.0.40219.1
Project("{FAE04EC0-301F-11D3-BF4B-00C04F79EFBC}") = "exemWindowsForms", "exemWindowsForms\exemWindowsForms.csproj", "{2901B558-5EA9-4165-82F8-5198826C65D0}"
EndProject
Project("{FAE04EC0-301F-11D3-BF4B-00C04F79EFBC}") = "exemWindowsForms2", "exemWindowsForms2\exemWindowsForms2.csproj", "{F114F9EF-2FF5-4FF2-99E0-6137B438D239}"
EndProject
Project("{FAE04EC0-301F-11D3-BF4B-00C04F79EFBC}") = "exemWindowsForms3", "exemWindowsForms3\exemWindowsForms3.csproj", "{A2302B1D-E3EC-488E-8344-AC343DF11D2E}"
EndProject
Project("{FAE04EC0-301F-11D3-BF4B-00C04F79EFBC}") = "exemWindowsForms4", "exemWindowsForms4\exemWindowsForms4.csproj", "{23D93C61-D8A6-4EEF-B1BB-F638EEDAACB2}"
EndProject
Project("{FAE04EC0-301F-11D3-BF4B-00C04F79EFBC}") = "exemWindowsForms5", "exemWindowsForms5\exemWindowsForms5.csproj", "{D96FC185-F45A-4195-87F8-8FE7B2CEC113}"
EndProject
Global
	GlobalSection(SolutionConfigurationPlatforms) = preSolution
		Debug|Any CPU = Debug|Any CPU
		Release|Any CPU = Release|Any CPU
	EndGlobalSection
	GlobalSection(ProjectConfigurationPlatforms) = postSolution
		{2901B558-5EA9-4165-82F8-5198826C65D0}.Debug|Any CPU.ActiveCfg = Debug|Any CPU
		{2901B558-5EA9-4165-82F8-5198826C65D0}.Debug|Any CPU.Build.0 = Debug|Any CPU
		{2901B558-5EA9-4165-82F8-5198826C65D0}.Release|Any CPU.ActiveCfg = Release|Any CPU
		{2901B558-5EA9-4165-82F8-5198826C65D0}.Release|Any CPU.Build.0 = Release|Any CPU
		{F114F9EF-2FF5-4FF2-99E0-6137B438D239}.Debug|Any CPU.ActiveCfg = Debug|Any CPU
		{F114F9EF-2FF5-4FF2-99E0-6137B438D239}.Debug|Any CPU.Build.0 = Debug|Any CPU
		{F114F9EF-2FF5-4FF2-99E0-6137B438D239}.Release|Any CPU.ActiveCfg = Release|Any CPU
		{F114F9EF-2FF5-4FF2-99E0-6137B438D239}.Release|Any CPU.Build.0 = Release|Any CPU
		{A2302B1D-E3EC-488E-8344-AC343DF11D2E}.Debug|Any CPU.ActiveCfg = Debug|Any CPU
		{A2302B1D-E3EC-488E-8344-AC343DF11D2E}.Debug|Any CPU.Build.0 = Debug|Any CPU
		{A2302B1D-E3EC-488E-8344-AC343DF11D2E}.Release|Any CPU.ActiveCfg = Release|Any CPU
		{A2302B1D-E3EC-488E-8344-AC343DF11D2E}.Release|Any CPU.Build.0 = Release|Any CPU
		{23D93C61-D8A6-4EEF-B1BB-F638EEDAACB2}.Debug|Any CPU.ActiveCfg = Debug|Any CPU
		{23D93C61-D8A6-4EEF-B1BB-F638EEDAACB2}.Debug|Any CPU.Build.0 = Debug|Any CPU
		{23D93C61-D8A6-4EEF-B1BB-F638EEDAACB2}.Release|Any CPU.ActiveCfg = Release|Any CPU
		{23D93C61-D8A6-4EEF-B1BB-F638EEDAACB2}.Release|Any CPU.Build.0 = Release|Any CPU
		{D96FC185-F45A-4195-87F8-8FE7B2CEC113}.Debug|Any CPU.ActiveCfg = Debug|Any CPU
		{D96FC185-F45A-4195-87F8-8FE7B2CEC113}.Debug|Any CPU.Build.0 = Debug|Any CPU
		{D96FC185-F45A-4195-87F8-8FE7B2CEC113}.Release|Any CPU.ActiveCfg = Release|Any CPU
		{D96FC185-F45A-4195-87F8-8FE7B2CEC113}.Release|Any CPU.Build.0 = Release|Any CPU
	EndGlobalSection
	GlobalSection(SolutionProperties) = preSolution
		HideSolutionNode = FALSE
	EndGlobalSection
	GlobalSection(ExtensibilityGlobals) = postSolution
		SolutionGuid = {35AC1306-61F7-4839-BA14-833FFCBA280D}
	EndGlobalSection
EndGlobal
